# This file is autogenerated, do not edit; changes may be undone by the next 'dep ensure'.


[[projects]]
  name = "github.com/davecgh/go-spew"
  packages = ["spew"]
  revision = "346938d642f2ec3594ed81d874461961cd0faa76"
  version = "v1.1.0"

[[projects]]
  branch = "master"
  name = "github.com/faiface/beep"
  packages = [
    ".",
    "speaker"
  ]
  revision = "9a0b4386297ca3f9d0ed1735be9efe03a6dd9e7c"

[[projects]]
  branch = "master"
  name = "github.com/faiface/glhf"
  packages = ["."]
  revision = "98c0391c0fd3f0b365cfe5d467ac162b79dfb002"

[[projects]]
  branch = "master"
  name = "github.com/faiface/mainthread"
  packages = ["."]
  revision = "8b78f0a41ae388189090ac4506612659fa53082b"

[[projects]]
  name = "github.com/faiface/pixel"
  packages = [
    ".",
    "pixelgl",
    "text"
  ]
  revision = "4b7553cd73d038f46306a2f6da7a55c5c00a4da3"
  version = "v0.6"

[[projects]]
  branch = "master"
  name = "github.com/go-gl/gl"
  packages = ["v3.3-core/gl"]
  revision = "ac0d3d2af0fe995e2bb09fa6619b716b0c0fc0fa"

[[projects]]
  branch = "master"
  name = "github.com/go-gl/glfw"
  packages = ["v3.2/glfw"]
  revision = "513e4f2bf85c31fba0fc4907abd7895242ccbe50"

[[projects]]
  branch = "master"
  name = "github.com/go-gl/mathgl"
  packages = [
    "mgl32",
    "mgl64"
  ]
  revision = "062629838a6b477efe492188d39194935ac07cd6"

[[projects]]
  branch = "master"
  name = "github.com/golang/freetype"
  packages = [
    "raster",
    "truetype"
  ]
  revision = "e2365dfdc4a05e4b8299a783240d4a7d5a65d4e4"

[[projects]]
  branch = "master"
  name = "github.com/gopherjs/gopherjs"
  packages = ["js"]
  revision = "178c176a91fe05e3e6c58fa5c989bad19e6cdcb3"

[[projects]]
  branch = "master"
  name = "github.com/hajimehoshi/oto"
  packages = [
    ".",
    "internal/jni"
  ]
  revision = "3680d211ad669453474fc5622a8cc4d346accedb"

[[projects]]
  name = "github.com/pkg/errors"
  packages = ["."]
  revision = "645ef00459ed84a119197bfb8d8205042c6df63d"
  version = "v0.8.0"

[[projects]]
  name = "github.com/pmezard/go-difflib"
  packages = ["difflib"]
  revision = "792786c7400a136282c1664665ae0a8db921c6c2"
  version = "v1.0.0"

[[projects]]
  name = "github.com/stretchr/testify"
  packages = [
    "assert",
    "require"
  ]
  revision = "b91bfb9ebec76498946beb6af7c0230c7cc7ba6c"
  version = "v1.2.0"

[[projects]]
  branch = "master"
  name = "golang.org/x/image"
  packages = [
    "font",
    "math/f32",
    "math/f64",
    "math/fixed"
  ]
  revision = "12117c17ca67ffa1ce22e9409f3b0b0a93ac08c7"

[solve-meta]
  analyzer-name = "dep"
  analyzer-version = 1
  inputs-digest = "34b487ef6fd1bb3e272bc87be9de5e1424a913f7f1f1b10bb79dd9a5111b5f50"
  solver-name = "gps-cdcl"
  solver-version = 1
